<?xml version="1.0" encoding="utf-8"?>
<Project ToolsVersion="4.0" xmlns="http://schemas.microsoft.com/developer/msbuild/2003">
  <ItemGroup>
    <Filter Include="Source Files">
      <UniqueIdentifier>{4FC737F1-C7A5-4376-A066-2A32D752A2FF}</UniqueIdentifier>
      <Extensions>cpp;c;cc;cxx;c++;cppm;ixx;def;odl;idl;hpj;bat;asm;asmx</Extensions>
    </Filter>
    <Filter Include="Header Files">
      <UniqueIdentifier>{93995380-89BD-4b04-88EB-625FBE52EBFB}</UniqueIdentifier>
      <Extensions>h;hh;hpp;hxx;h++;hm;inl;inc;ipp;xsd</Extensions>
    </Filter>
    <Filter Include="Resource Files">
      <UniqueIdentifier>{67DA6AB6-F800-4c08-8B7A-83BB121AAD01}</UniqueIdentifier>
      <Extensions>rc;ico;cur;bmp;dlg;rc2;rct;bin;rgs;gif;jpg;jpeg;jpe;resx;tiff;tif;png;wav;mfcribbon-ms</Extensions>
    </Filter>
  </ItemGroup>
  <ItemGroup>
    <ClInclude Include="AFXRES.H">
      <Filter>Header Files</Filter>
    </ClInclude>
    <ClInclude Include="ESCamera.h">
      <Filter>Header Files</Filter>
    </ClInclude>
    <ClInclude Include="ESCameraPath.h">
      <Filter>Header Files</Filter>
    </ClInclude>
    <ClInclude Include="ESCaption.h">
      <Filter>Header Files</Filter>
    </ClInclude>
    <ClInclude Include="ESConstants.h">
      <Filter>Header Files</Filter>
    </ClInclude>
    <ClInclude Include="ESInterpolation.h">
      <Filter>Header Files</Filter>
    </ClInclude>
    <ClInclude Include="ESKeyframe.h">
      <Filter>Header Files</Filter>
    </ClInclude>
    <ClInclude Include="ESLight.h">
      <Filter>Header Files</Filter>
    </ClInclude>
    <ClInclude Include="ESModel3DS.h">
      <Filter>Header Files</Filter>
    </ClInclude>
    <ClInclude Include="ESPicture.h">
      <Filter>Header Files</Filter>
    </ClInclude>
    <ClInclude Include="ESPixelBuffer.h">
      <Filter>Header Files</Filter>
    </ClInclude>
    <ClInclude Include="ESQuaternion.h">
      <Filter>Header Files</Filter>
    </ClInclude>
    <ClInclude Include="ESSkybox.h">
      <Filter>Header Files</Filter>
    </ClInclude>
    <ClInclude Include="ESTexture.h">
      <Filter>Header Files</Filter>
    </ClInclude>
    <ClInclude Include="ESUtility.h">
      <Filter>Header Files</Filter>
    </ClInclude>
    <ClInclude Include="ESVector2d.h">
      <Filter>Header Files</Filter>
    </ClInclude>
    <ClInclude Include="ESVectorMatrix.h">
      <Filter>Header Files</Filter>
    </ClInclude>
    <ClInclude Include="resource.h">
      <Filter>Header Files</Filter>
    </ClInclude>
    <ClInclude Include="Stdafx.h">
      <Filter>Header Files</Filter>
    </ClInclude>
    <ClInclude Include="VectorMatrix.h">
      <Filter>Header Files</Filter>
    </ClInclude>
  </ItemGroup>
  <ItemGroup>
    <ClCompile Include="ES2DEffects.cpp">
      <Filter>Source Files</Filter>
    </ClCompile>
    <ClCompile Include="ESCamera.cpp">
      <Filter>Source Files</Filter>
    </ClCompile>
    <ClCompile Include="ESCameraPath.cpp">
      <Filter>Source Files</Filter>
    </ClCompile>
    <ClCompile Include="ESCaption.cpp">
      <Filter>Source Files</Filter>
    </ClCompile>
    <ClCompile Include="ESKeyframe.cpp">
      <Filter>Source Files</Filter>
    </ClCompile>
    <ClCompile Include="ESLight.cpp">
      <Filter>Source Files</Filter>
    </ClCompile>
    <ClCompile Include="ESLoadDemo.cpp">
      <Filter>Source Files</Filter>
    </ClCompile>
    <ClCompile Include="ESModel3DS.cpp">
      <Filter>Source Files</Filter>
    </ClCompile>
    <ClCompile Include="ESMusic.cpp">
      <Filter>Source Files</Filter>
    </ClCompile>
    <ClCompile Include="ESPicture.cpp">
      <Filter>Source Files</Filter>
    </ClCompile>
    <ClCompile Include="ESPixelBuffer.cpp">
      <Filter>Source Files</Filter>
    </ClCompile>
    <ClCompile Include="ESQuaternion.cpp">
      <Filter>Source Files</Filter>
    </ClCompile>
    <ClCompile Include="ESScene00.cpp">
      <Filter>Source Files</Filter>
    </ClCompile>
    <ClCompile Include="ESScene01.cpp">
      <Filter>Source Files</Filter>
    </ClCompile>
    <ClCompile Include="ESScene02.cpp">
      <Filter>Source Files</Filter>
    </ClCompile>
    <ClCompile Include="ESScene03.cpp">
      <Filter>Source Files</Filter>
    </ClCompile>
    <ClCompile Include="ESScene04.cpp">
      <Filter>Source Files</Filter>
    </ClCompile>
    <ClCompile Include="ESScene05.cpp">
      <Filter>Source Files</Filter>
    </ClCompile>
    <ClCompile Include="ESScene06.cpp">
      <Filter>Source Files</Filter>
    </ClCompile>
    <ClCompile Include="ESScene07.cpp">
      <Filter>Source Files</Filter>
    </ClCompile>
    <ClCompile Include="ESScene08.cpp">
      <Filter>Source Files</Filter>
    </ClCompile>
    <ClCompile Include="ESScene09.cpp">
      <Filter>Source Files</Filter>
    </ClCompile>
    <ClCompile Include="ESScene10.cpp">
      <Filter>Source Files</Filter>
    </ClCompile>
    <ClCompile Include="ESScenePlayer.cpp">
      <Filter>Source Files</Filter>
    </ClCompile>
    <ClCompile Include="ESSkeleton.cpp">
      <Filter>Source Files</Filter>
    </ClCompile>
    <ClCompile Include="ESSkybox.cpp">
      <Filter>Source Files</Filter>
    </ClCompile>
    <ClCompile Include="ESTexture.cpp">
      <Filter>Source Files</Filter>
    </ClCompile>
    <ClCompile Include="ESUtility.cpp">
      <Filter>Source Files</Filter>
    </ClCompile>
    <ClCompile Include="ESVector2d.cpp">
      <Filter>Source Files</Filter>
    </ClCompile>
    <ClCompile Include="ESVectorMatrix.cpp">
      <Filter>Source Files</Filter>
    </ClCompile>
    <ClCompile Include="VectorMatrix.cpp">
      <Filter>Source Files</Filter>
    </ClCompile>
    <ClCompile Include="ESInterpolation.cpp">
      <Filter>Source Files</Filter>
    </ClCompile>
  </ItemGroup>
  <ItemGroup>
    <ResourceCompile Include="ESFRAMEWORK.rc">
      <Filter>Resource Files</Filter>
    </ResourceCompile>
  </ItemGroup>
</Project>