<?xml version="1.0" encoding="utf-8"?>
<Project ToolsVersion="4.0" xmlns="http://schemas.microsoft.com/developer/msbuild/2003">
  <ItemGroup>
    <Filter Include="Source Files">
      <UniqueIdentifier>{4FC737F1-C7A5-4376-A066-2A32D752A2FF}</UniqueIdentifier>
      <Extensions>cpp;c;cxx;def;odl;idl;hpj;bat;asm;asmx</Extensions>
    </Filter>
    <Filter Include="Header Files">
      <UniqueIdentifier>{93995380-89BD-4b04-88EB-625FBE52EBFB}</UniqueIdentifier>
      <Extensions>h;hpp;hxx;hm;inl;inc;xsd</Extensions>
    </Filter>
    <Filter Include="Resource Files">
      <UniqueIdentifier>{67DA6AB6-F800-4c08-8B7A-83BB121AAD01}</UniqueIdentifier>
      <Extensions>rc;ico;cur;bmp;dlg;rc2;rct;bin;rgs;gif;jpg;jpeg;jpe;resx</Extensions>
    </Filter>
  </ItemGroup>
  <ItemGroup>
    <ClCompile Include="ESCaption.cpp">
      <Filter>Source Files</Filter>
    </ClCompile>
    <ClCompile Include="ESCube.cpp">
      <Filter>Source Files</Filter>
    </ClCompile>
    <ClCompile Include="ESDevilTexture.cpp">
      <Filter>Source Files</Filter>
    </ClCompile>
    <ClCompile Include="ESFMod.cpp">
      <Filter>Source Files</Filter>
    </ClCompile>
    <ClCompile Include="ESFont.cpp">
      <Filter>Source Files</Filter>
    </ClCompile>
    <ClCompile Include="ESInterpolator.cpp">
      <Filter>Source Files</Filter>
    </ClCompile>
    <ClCompile Include="ESKeyframe.cpp">
      <Filter>Source Files</Filter>
    </ClCompile>
    <ClCompile Include="ESLight.cpp">
      <Filter>Source Files</Filter>
    </ClCompile>
    <ClCompile Include="ESModel3DS.cpp">
      <Filter>Source Files</Filter>
    </ClCompile>
    <ClCompile Include="ESRenderToTexture.cpp">
      <Filter>Source Files</Filter>
    </ClCompile>
    <ClCompile Include="ESScene.cpp">
      <Filter>Source Files</Filter>
    </ClCompile>
    <ClCompile Include="ESScene00.cpp">
      <Filter>Source Files</Filter>
    </ClCompile>
    <ClCompile Include="ESScene01.cpp">
      <Filter>Source Files</Filter>
    </ClCompile>
    <ClCompile Include="ESScene02.cpp">
      <Filter>Source Files</Filter>
    </ClCompile>
    <ClCompile Include="ESScene03.cpp">
      <Filter>Source Files</Filter>
    </ClCompile>
    <ClCompile Include="ESScene04.cpp">
      <Filter>Source Files</Filter>
    </ClCompile>
    <ClCompile Include="ESScene05.cpp">
      <Filter>Source Files</Filter>
    </ClCompile>
    <ClCompile Include="ESScene06.cpp">
      <Filter>Source Files</Filter>
    </ClCompile>
    <ClCompile Include="ESScene07.cpp">
      <Filter>Source Files</Filter>
    </ClCompile>
    <ClCompile Include="ESScene08.cpp">
      <Filter>Source Files</Filter>
    </ClCompile>
    <ClCompile Include="ESScene09.cpp">
      <Filter>Source Files</Filter>
    </ClCompile>
    <ClCompile Include="ESScene10.cpp">
      <Filter>Source Files</Filter>
    </ClCompile>
    <ClCompile Include="ESScenePlayer.cpp">
      <Filter>Source Files</Filter>
    </ClCompile>
    <ClCompile Include="ESUtility.cpp">
      <Filter>Source Files</Filter>
    </ClCompile>
    <ClCompile Include="ESVectorMatrix.cpp">
      <Filter>Source Files</Filter>
    </ClCompile>
    <ClCompile Include="fp2005demo.cpp">
      <Filter>Source Files</Filter>
    </ClCompile>
    <ClCompile Include="renderbuffer.cpp">
      <Filter>Source Files</Filter>
    </ClCompile>
    <ClCompile Include="RenderTexture.cpp">
      <Filter>Source Files</Filter>
    </ClCompile>
    <ClCompile Include="stdafx.cpp">
      <Filter>Source Files</Filter>
    </ClCompile>
    <ClCompile Include="VectorMatrix.cpp">
      <Filter>Source Files</Filter>
    </ClCompile>
    <ClCompile Include="framebufferObject.cpp">
      <Filter>Source Files</Filter>
    </ClCompile>
  </ItemGroup>
  <ItemGroup>
    <ClInclude Include="ESCaption.h">
      <Filter>Header Files</Filter>
    </ClInclude>
    <ClInclude Include="ESConstants.h">
      <Filter>Header Files</Filter>
    </ClInclude>
    <ClInclude Include="ESCube.h">
      <Filter>Header Files</Filter>
    </ClInclude>
    <ClInclude Include="ESDevilTexture.h">
      <Filter>Header Files</Filter>
    </ClInclude>
    <ClInclude Include="ESFMod.h">
      <Filter>Header Files</Filter>
    </ClInclude>
    <ClInclude Include="ESFont.h">
      <Filter>Header Files</Filter>
    </ClInclude>
    <ClInclude Include="ESInterpolator.h">
      <Filter>Header Files</Filter>
    </ClInclude>
    <ClInclude Include="ESKeyframe.h">
      <Filter>Header Files</Filter>
    </ClInclude>
    <ClInclude Include="ESLight.h">
      <Filter>Header Files</Filter>
    </ClInclude>
    <ClInclude Include="ESModel3DS.h">
      <Filter>Header Files</Filter>
    </ClInclude>
    <ClInclude Include="ESRenderToTexture.h">
      <Filter>Header Files</Filter>
    </ClInclude>
    <ClInclude Include="ESScene.h">
      <Filter>Header Files</Filter>
    </ClInclude>
    <ClInclude Include="ESScene00.h">
      <Filter>Header Files</Filter>
    </ClInclude>
    <ClInclude Include="ESScene01.h">
      <Filter>Header Files</Filter>
    </ClInclude>
    <ClInclude Include="ESScene02.h">
      <Filter>Header Files</Filter>
    </ClInclude>
    <ClInclude Include="ESScene03.h">
      <Filter>Header Files</Filter>
    </ClInclude>
    <ClInclude Include="ESScene04.h">
      <Filter>Header Files</Filter>
    </ClInclude>
    <ClInclude Include="ESScene05.h">
      <Filter>Header Files</Filter>
    </ClInclude>
    <ClInclude Include="ESScene06.h">
      <Filter>Header Files</Filter>
    </ClInclude>
    <ClInclude Include="ESScene07.h">
      <Filter>Header Files</Filter>
    </ClInclude>
    <ClInclude Include="ESScene08.h">
      <Filter>Header Files</Filter>
    </ClInclude>
    <ClInclude Include="ESScene09.h">
      <Filter>Header Files</Filter>
    </ClInclude>
    <ClInclude Include="ESScene10.h">
      <Filter>Header Files</Filter>
    </ClInclude>
    <ClInclude Include="ESScenePlayer.h">
      <Filter>Header Files</Filter>
    </ClInclude>
    <ClInclude Include="ESUtility.h">
      <Filter>Header Files</Filter>
    </ClInclude>
    <ClInclude Include="ESVectorMatrix.h">
      <Filter>Header Files</Filter>
    </ClInclude>
    <ClInclude Include="fp2005demo.h">
      <Filter>Header Files</Filter>
    </ClInclude>
    <ClInclude Include="NvTriStrip.h">
      <Filter>Header Files</Filter>
    </ClInclude>
    <ClInclude Include="renderbuffer.h">
      <Filter>Header Files</Filter>
    </ClInclude>
    <ClInclude Include="RenderTexture.h">
      <Filter>Header Files</Filter>
    </ClInclude>
    <ClInclude Include="Resource.h">
      <Filter>Header Files</Filter>
    </ClInclude>
    <ClInclude Include="stdafx.h">
      <Filter>Header Files</Filter>
    </ClInclude>
    <ClInclude Include="VectorMatrix.h">
      <Filter>Header Files</Filter>
    </ClInclude>
    <ClInclude Include="framebufferObject.h">
      <Filter>Header Files</Filter>
    </ClInclude>
  </ItemGroup>
  <ItemGroup>
    <Image Include="fp2005demo.ico">
      <Filter>Resource Files</Filter>
    </Image>
    <Image Include="Icon_1.ico">
      <Filter>Resource Files</Filter>
    </Image>
    <Image Include="small.ico">
      <Filter>Resource Files</Filter>
    </Image>
  </ItemGroup>
  <ItemGroup>
    <ResourceCompile Include="fp2005demo.rc">
      <Filter>Resource Files</Filter>
    </ResourceCompile>
  </ItemGroup>
</Project>